
Microsoft Visual Studio Solution File, Format Version 12.00
# Visual Studio Version 17
VisualStudioVersion = 17.2.32630.192
MinimumVisualStudioVersion = 10.0.40219.1
Project("{8BC9CEB8-8B4A-11D0-8D11-00A0C91BC942}") = "Particles", "Particles\Particles.vcxproj", "{72E3A3BE-1F3C-4A60-B499-609E18AD7EC5}"
EndProject
Global
	GlobalSection(SolutionConfigurationPlatforms) = preSolution
		Debug|x64 = Debug|x64
		Debug|x86 = Debug|x86
		Release|x64 = Release|x64
		Release|x86 = Release|x86
	EndGlobalSection
	GlobalSection(ProjectConfigurationPlatforms) = postSolution
		{72E3A3BE-1F3C-4A60-B499-609E18AD7EC5}.Debug|x64.ActiveCfg = Debug|x64
		{72E3A3BE-1F3C-4A60-B499-609E18AD7EC5}.Debug|x64.Build.0 = Debug|x64
		{72E3A3BE-1F3C-4A60-B499-609E18AD7EC5}.Debug|x86.ActiveCfg = Debug|Win32
		{72E3A3BE-1F3C-4A60-B499-609E18AD7EC5}.Debug|x86.Build.0 = Debug|Win32
		{72E3A3BE-1F3C-4A60-B499-609E18AD7EC5}.Release|x64.ActiveCfg = Release|x64
		{72E3A3BE-1F3C-4A60-B499-609E18AD7EC5}.Release|x64.Build.0 = Release|x64
		{72E3A3BE-1F3C-4A60-B499-609E18AD7EC5}.Release|x86.ActiveCfg = Release|Win32
		{72E3A3BE-1F3C-4A60-B499-609E18AD7EC5}.Release|x86.Build.0 = Release|Win32
	EndGlobalSection
	GlobalSection(SolutionProperties) = preSolution
		HideSolutionNode = FALSE
	EndGlobalSection
	GlobalSection(ExtensibilityGlobals) = postSolution
		SolutionGuid = {8168E0F1-6405-4625-A517-416AD3D30B35}
	EndGlobalSection
EndGlobal
